
Microsoft Visual Studio Solution File, Format Version 12.00
# Visual Studio Version 17
VisualStudioVersion = 17.11.35431.28
MinimumVisualStudioVersion = 10.0.40219.1
Project("{FAE04EC0-301F-11D3-BF4B-00C04F79EFBC}") = "JenkinsProject", "JenkinsProject\JenkinsProject.csproj", "{E865CC68-3B54-4F83-A01D-FA8665F4C43F}"
EndProject
Project("{FAE04EC0-301F-11D3-BF4B-00C04F79EFBC}") = "JenkinsTestProject", "JenkinsTestProject\JenkinsTestProject.csproj", "{90E84B31-B8E7-4232-AFE7-5FBB04AE6CAB}"
	ProjectSection(ProjectDependencies) = postProject
		{E865CC68-3B54-4F83-A01D-FA8665F4C43F} = {E865CC68-3B54-4F83-A01D-FA8665F4C43F}
	EndProjectSection
EndProject
Global
	GlobalSection(SolutionConfigurationPlatforms) = preSolution
		Debug|Any CPU = Debug|Any CPU
		Release|Any CPU = Release|Any CPU
	EndGlobalSection
	GlobalSection(ProjectConfigurationPlatforms) = postSolution
		{E865CC68-3B54-4F83-A01D-FA8665F4C43F}.Debug|Any CPU.ActiveCfg = Debug|Any CPU
		{E865CC68-3B54-4F83-A01D-FA8665F4C43F}.Debug|Any CPU.Build.0 = Debug|Any CPU
		{E865CC68-3B54-4F83-A01D-FA8665F4C43F}.Release|Any CPU.ActiveCfg = Release|Any CPU
		{E865CC68-3B54-4F83-A01D-FA8665F4C43F}.Release|Any CPU.Build.0 = Release|Any CPU
		{90E84B31-B8E7-4232-AFE7-5FBB04AE6CAB}.Debug|Any CPU.ActiveCfg = Debug|Any CPU
		{90E84B31-B8E7-4232-AFE7-5FBB04AE6CAB}.Debug|Any CPU.Build.0 = Debug|Any CPU
		{90E84B31-B8E7-4232-AFE7-5FBB04AE6CAB}.Release|Any CPU.ActiveCfg = Release|Any CPU
		{90E84B31-B8E7-4232-AFE7-5FBB04AE6CAB}.Release|Any CPU.Build.0 = Release|Any CPU
	EndGlobalSection
	GlobalSection(SolutionProperties) = preSolution
		HideSolutionNode = FALSE
	EndGlobalSection
	GlobalSection(ExtensibilityGlobals) = postSolution
		SolutionGuid = {34D1DA64-C335-47D2-B463-AA9CA1055C1B}
	EndGlobalSection
EndGlobal
